
Microsoft Visual Studio Solution File, Format Version 12.00
# Visual Studio 14
VisualStudioVersion = 14.0.25420.1
MinimumVisualStudioVersion = 10.0.40219.1
Project("{2150E333-8FDC-42A3-9474-1A3956D46DE8}") = "00-Documents", "00-Documents", "{0385E1C5-9E5F-4007-9FCD-42CC8AE86E34}"
	ProjectSection(SolutionItems) = preProject
		00-Documents\ServerSolutionLayers.JPG = 00-Documents\ServerSolutionLayers.JPG
	EndProjectSection
EndProject
Project("{2150E333-8FDC-42A3-9474-1A3956D46DE8}") = "01-Shared", "01-Shared", "{8D53E751-F15D-41F9-9279-1FBA629B1B35}"
EndProject
Project("{2150E333-8FDC-42A3-9474-1A3956D46DE8}") = "02-EndPoints", "02-EndPoints", "{83417CF2-7094-46D8-8534-EE3951DA9DE6}"
EndProject
Project("{2150E333-8FDC-42A3-9474-1A3956D46DE8}") = "03-BusinessLogic", "03-BusinessLogic", "{4661EA77-0798-4191-8292-E25068C61DC6}"
EndProject
Project("{2150E333-8FDC-42A3-9474-1A3956D46DE8}") = "04-DataAccessLevel", "04-DataAccessLevel", "{830F1F39-ADEE-4D60-923B-7278BC1B51AC}"
EndProject
Project("{2150E333-8FDC-42A3-9474-1A3956D46DE8}") = "05-Client", "05-Client", "{4A4FA1CF-E2B1-49E1-9F54-06F2E8106FC5}"
EndProject
Project("{2150E333-8FDC-42A3-9474-1A3956D46DE8}") = "DataModel", "DataModel", "{ACA9DB3A-52BF-4213-ADA9-D13B236C7916}"
EndProject
Project("{2150E333-8FDC-42A3-9474-1A3956D46DE8}") = "Framework", "Framework", "{E0717C66-8EC7-4856-BEFE-528B30205B35}"
EndProject
Project("{FAE04EC0-301F-11D3-BF4B-00C04F79EFBC}") = "MoiNdv.DataModel", "01-Shared\DataModel\MoiNdv.DataModel\MoiNdv.DataModel.csproj", "{44167602-A612-4F48-90EF-FCDE85627AA2}"
EndProject
Project("{FAE04EC0-301F-11D3-BF4B-00C04F79EFBC}") = "MoiNdv.Framework", "01-Shared\Framework\MoiNdv.Framework\MoiNdv.Framework.csproj", "{2B56191A-BA71-4717-8986-CA8F5250AD61}"
EndProject
Project("{2150E333-8FDC-42A3-9474-1A3956D46DE8}") = "Actions", "Actions", "{EE96A053-ABD6-4587-8E84-82A522C46B4E}"
EndProject
Project("{2150E333-8FDC-42A3-9474-1A3956D46DE8}") = "Jobs", "Jobs", "{D5A36E9A-B80D-4835-90BB-FEDE94CA4961}"
EndProject
Project("{2150E333-8FDC-42A3-9474-1A3956D46DE8}") = "Plugins", "Plugins", "{53E7F386-373C-4F8A-95AD-E6F33F789A44}"
EndProject
Project("{2150E333-8FDC-42A3-9474-1A3956D46DE8}") = "Services", "Services", "{6797A415-3C1B-4953-A00B-A1B442493F95}"
EndProject
Project("{2150E333-8FDC-42A3-9474-1A3956D46DE8}") = "Workflows", "Workflows", "{5563E7E4-4BBC-4962-9020-27B8E19DF354}"
EndProject
Project("{FAE04EC0-301F-11D3-BF4B-00C04F79EFBC}") = "MoiNdv.BusinessLogic", "03-BusinessLogic\MoiNdv.BusinessLogic\MoiNdv.BusinessLogic.csproj", "{33FC3C77-A344-4DF1-9404-8EC168B33E95}"
EndProject
Project("{FAE04EC0-301F-11D3-BF4B-00C04F79EFBC}") = "MoiNdv.DataAccessLevel", "04-DataAccessLevel\MoiNdv.DataAccessLevel\MoiNdv.DataAccessLevel.csproj", "{D15C4BF1-4C4D-49D3-B5DD-F622A220A778}"
EndProject
Project("{FAE04EC0-301F-11D3-BF4B-00C04F79EFBC}") = "MoiNdv.Crm.Plugins.Contact", "02-EndPoints\Plugins\MoiNdv.Crm.Plugins.Contact\MoiNdv.Crm.Plugins.Contact.csproj", "{769D872D-E8C0-4CC0-AB90-565C150625AB}"
EndProject
Project("{FAE04EC0-301F-11D3-BF4B-00C04F79EFBC}") = "Client", "05-Client\Client\Client.csproj", "{425FE45C-3945-4241-93FD-66DFB1CC10F4}"
EndProject
Global
	GlobalSection(SolutionConfigurationPlatforms) = preSolution
		Debug|Any CPU = Debug|Any CPU
		Release|Any CPU = Release|Any CPU
	EndGlobalSection
	GlobalSection(ProjectConfigurationPlatforms) = postSolution
		{44167602-A612-4F48-90EF-FCDE85627AA2}.Debug|Any CPU.ActiveCfg = Debug|Any CPU
		{44167602-A612-4F48-90EF-FCDE85627AA2}.Debug|Any CPU.Build.0 = Debug|Any CPU
		{44167602-A612-4F48-90EF-FCDE85627AA2}.Release|Any CPU.ActiveCfg = Release|Any CPU
		{44167602-A612-4F48-90EF-FCDE85627AA2}.Release|Any CPU.Build.0 = Release|Any CPU
		{2B56191A-BA71-4717-8986-CA8F5250AD61}.Debug|Any CPU.ActiveCfg = Debug|Any CPU
		{2B56191A-BA71-4717-8986-CA8F5250AD61}.Debug|Any CPU.Build.0 = Debug|Any CPU
		{2B56191A-BA71-4717-8986-CA8F5250AD61}.Release|Any CPU.ActiveCfg = Release|Any CPU
		{2B56191A-BA71-4717-8986-CA8F5250AD61}.Release|Any CPU.Build.0 = Release|Any CPU
		{33FC3C77-A344-4DF1-9404-8EC168B33E95}.Debug|Any CPU.ActiveCfg = Debug|Any CPU
		{33FC3C77-A344-4DF1-9404-8EC168B33E95}.Debug|Any CPU.Build.0 = Debug|Any CPU
		{33FC3C77-A344-4DF1-9404-8EC168B33E95}.Release|Any CPU.ActiveCfg = Release|Any CPU
		{33FC3C77-A344-4DF1-9404-8EC168B33E95}.Release|Any CPU.Build.0 = Release|Any CPU
		{D15C4BF1-4C4D-49D3-B5DD-F622A220A778}.Debug|Any CPU.ActiveCfg = Debug|Any CPU
		{D15C4BF1-4C4D-49D3-B5DD-F622A220A778}.Debug|Any CPU.Build.0 = Debug|Any CPU
		{D15C4BF1-4C4D-49D3-B5DD-F622A220A778}.Release|Any CPU.ActiveCfg = Release|Any CPU
		{D15C4BF1-4C4D-49D3-B5DD-F622A220A778}.Release|Any CPU.Build.0 = Release|Any CPU
		{769D872D-E8C0-4CC0-AB90-565C150625AB}.Debug|Any CPU.ActiveCfg = Debug|Any CPU
		{769D872D-E8C0-4CC0-AB90-565C150625AB}.Debug|Any CPU.Build.0 = Debug|Any CPU
		{769D872D-E8C0-4CC0-AB90-565C150625AB}.Release|Any CPU.ActiveCfg = Release|Any CPU
		{769D872D-E8C0-4CC0-AB90-565C150625AB}.Release|Any CPU.Build.0 = Release|Any CPU
		{425FE45C-3945-4241-93FD-66DFB1CC10F4}.Debug|Any CPU.ActiveCfg = Debug|Any CPU
		{425FE45C-3945-4241-93FD-66DFB1CC10F4}.Debug|Any CPU.Build.0 = Debug|Any CPU
		{425FE45C-3945-4241-93FD-66DFB1CC10F4}.Release|Any CPU.ActiveCfg = Release|Any CPU
		{425FE45C-3945-4241-93FD-66DFB1CC10F4}.Release|Any CPU.Build.0 = Release|Any CPU
	EndGlobalSection
	GlobalSection(SolutionProperties) = preSolution
		HideSolutionNode = FALSE
	EndGlobalSection
	GlobalSection(NestedProjects) = preSolution
		{ACA9DB3A-52BF-4213-ADA9-D13B236C7916} = {8D53E751-F15D-41F9-9279-1FBA629B1B35}
		{E0717C66-8EC7-4856-BEFE-528B30205B35} = {8D53E751-F15D-41F9-9279-1FBA629B1B35}
		{44167602-A612-4F48-90EF-FCDE85627AA2} = {ACA9DB3A-52BF-4213-ADA9-D13B236C7916}
		{2B56191A-BA71-4717-8986-CA8F5250AD61} = {E0717C66-8EC7-4856-BEFE-528B30205B35}
		{EE96A053-ABD6-4587-8E84-82A522C46B4E} = {83417CF2-7094-46D8-8534-EE3951DA9DE6}
		{D5A36E9A-B80D-4835-90BB-FEDE94CA4961} = {83417CF2-7094-46D8-8534-EE3951DA9DE6}
		{53E7F386-373C-4F8A-95AD-E6F33F789A44} = {83417CF2-7094-46D8-8534-EE3951DA9DE6}
		{6797A415-3C1B-4953-A00B-A1B442493F95} = {83417CF2-7094-46D8-8534-EE3951DA9DE6}
		{5563E7E4-4BBC-4962-9020-27B8E19DF354} = {83417CF2-7094-46D8-8534-EE3951DA9DE6}
		{33FC3C77-A344-4DF1-9404-8EC168B33E95} = {4661EA77-0798-4191-8292-E25068C61DC6}
		{D15C4BF1-4C4D-49D3-B5DD-F622A220A778} = {830F1F39-ADEE-4D60-923B-7278BC1B51AC}
		{769D872D-E8C0-4CC0-AB90-565C150625AB} = {53E7F386-373C-4F8A-95AD-E6F33F789A44}
		{425FE45C-3945-4241-93FD-66DFB1CC10F4} = {4A4FA1CF-E2B1-49E1-9F54-06F2E8106FC5}
	EndGlobalSection
EndGlobal
